// !$*UTF8*$!
{
	archiveVersion = 1;
	classes = {
	};
	objectVersion = 77;
	objects = {

/* Begin PBXBuildFile section */
		FAC8C2752F0E0EA800AC5F7D /* StateManagementKit in Frameworks */ = {isa = PBXBuildFile; productRef = FAC8C2742F0E0EA800AC5F7D /* StateManagementKit */; };
		FAEFAD1F2EFB929D00D38AEC /* SDWebImageSwiftUI in Frameworks */ = {isa = PBXBuildFile; productRef = FAEFAD1E2EFB929D00D38AEC /* SDWebImageSwiftUI */; };
		FAEFAD222EFB92AB00D38AEC /* SDWebImageSVGCoder in Frameworks */ = {isa = PBXBuildFile; productRef = FAEFAD212EFB92AB00D38AEC /* SDWebImageSVGCoder */; };
		FAEFAD252EFB92C000D38AEC /* Kingfisher in Frameworks */ = {isa = PBXBuildFile; productRef = FAEFAD242EFB92C000D38AEC /* Kingfisher */; };
		FAEFAD282EFB930000D38AEC /* CoreDataKit in Frameworks */ = {isa = PBXBuildFile; productRef = FAEFAD272EFB930000D38AEC /* CoreDataKit */; };
		FAEFAD2A2EFB930000D38AEC /* GlassEffect in Frameworks */ = {isa = PBXBuildFile; productRef = FAEFAD292EFB930000D38AEC /* GlassEffect */; };
		FAEFAD2C2EFB930000D38AEC /* MarkdownTypingKit in Frameworks */ = {isa = PBXBuildFile; productRef = FAEFAD2B2EFB930000D38AEC /* MarkdownTypingKit */; };
		FAEFAD2E2EFB930000D38AEC /* NavigationRouter in Frameworks */ = {isa = PBXBuildFile; productRef = FAEFAD2D2EFB930000D38AEC /* NavigationRouter */; };
		FAEFAD302EFB930000D38AEC /* Networking in Frameworks */ = {isa = PBXBuildFile; productRef = FAEFAD2F2EFB930000D38AEC /* Networking */; };
/* End PBXBuildFile section */

/* Begin PBXFileReference section */
		FAEFAC7D2EFB91F600D38AEC /* FootballDt.app */ = {isa = PBXFileReference; explicitFileType = wrapper.application; includeInIndex = 0; path = FootballDt.app; sourceTree = BUILT_PRODUCTS_DIR; };
/* End PBXFileReference section */

/* Begin PBXFileSystemSynchronizedBuildFileExceptionSet section */
		FAEFAD452EFB959D00D38AEC /* Exceptions for "FootballDt" folder in "FootballDt" target */ = {
			isa = PBXFileSystemSynchronizedBuildFileExceptionSet;
			membershipExceptions = (
				Info.plist,
			);
			target = FAEFAC7C2EFB91F600D38AEC /* FootballDt */;
		};
/* End PBXFileSystemSynchronizedBuildFileExceptionSet section */

/* Begin PBXFileSystemSynchronizedRootGroup section */
		FAEFAC7F2EFB91F600D38AEC /* FootballDt */ = {
			isa = PBXFileSystemSynchronizedRootGroup;
			exceptions = (
				FAEFAD452EFB959D00D38AEC /* Exceptions for "FootballDt" folder in "FootballDt" target */,
			);
			path = FootballDt;
			sourceTree = "<group>";
		};
/* End PBXFileSystemSynchronizedRootGroup section */

/* Begin PBXFrameworksBuildPhase section */
		FAEFAC7A2EFB91F600D38AEC /* Frameworks */ = {
			isa = PBXFrameworksBuildPhase;
			buildActionMask = 2147483647;
			files = (
				FAEFAD252EFB92C000D38AEC /* Kingfisher in Frameworks */,
				FAEFAD2E2EFB930000D38AEC /* NavigationRouter in Frameworks */,
				FAEFAD302EFB930000D38AEC /* Networking in Frameworks */,
				FAEFAD1F2EFB929D00D38AEC /* SDWebImageSwiftUI in Frameworks */,
				FAEFAD282EFB930000D38AEC /* CoreDataKit in Frameworks */,
				FAC8C2752F0E0EA800AC5F7D /* StateManagementKit in Frameworks */,
				FAEFAD2C2EFB930000D38AEC /* MarkdownTypingKit in Frameworks */,
				FAEFAD2A2EFB930000D38AEC /* GlassEffect in Frameworks */,
				FAEFAD222EFB92AB00D38AEC /* SDWebImageSVGCoder in Frameworks */,
			);
			runOnlyForDeploymentPostprocessing = 0;
		};
/* End PBXFrameworksBuildPhase section */

/* Begin PBXGroup section */
		FAEFAC742EFB91F600D38AEC = {
			isa = PBXGroup;
			children = (
				FAEFAC7F2EFB91F600D38AEC /* FootballDt */,
				FAEFAC7E2EFB91F600D38AEC /* Products */,
			);
			sourceTree = "<group>";
		};
		FAEFAC7E2EFB91F600D38AEC /* Products */ = {
			isa = PBXGroup;
			children = (
				FAEFAC7D2EFB91F600D38AEC /* FootballDt.app */,
			);
			name = Products;
			sourceTree = "<group>";
		};
/* End PBXGroup section */

/* Begin PBXNativeTarget section */
		FAEFAC7C2EFB91F600D38AEC /* FootballDt */ = {
			isa = PBXNativeTarget;
			buildConfigurationList = FAEFAC8C2EFB91F800D38AEC /* Build configuration list for PBXNativeTarget "FootballDt" */;
			buildPhases = (
				FAEFAC792EFB91F600D38AEC /* Sources */,
				FAEFAC7A2EFB91F600D38AEC /* Frameworks */,
				FAEFAC7B2EFB91F600D38AEC /* Resources */,
			);
			buildRules = (
			);
			dependencies = (
			);
			fileSystemSynchronizedGroups = (
				FAEFAC7F2EFB91F600D38AEC /* FootballDt */,
			);
			name = FootballDt;
			packageProductDependencies = (
				FAEFAD1E2EFB929D00D38AEC /* SDWebImageSwiftUI */,
				FAEFAD212EFB92AB00D38AEC /* SDWebImageSVGCoder */,
				FAEFAD242EFB92C000D38AEC /* Kingfisher */,
				FAEFAD272EFB930000D38AEC /* CoreDataKit */,
				FAEFAD292EFB930000D38AEC /* GlassEffect */,
				FAEFAD2B2EFB930000D38AEC /* MarkdownTypingKit */,
				FAEFAD2D2EFB930000D38AEC /* NavigationRouter */,
				FAEFAD2F2EFB930000D38AEC /* Networking */,
				FAC8C2742F0E0EA800AC5F7D /* StateManagementKit */,
			);
			productName = FootballDt;
			productReference = FAEFAC7D2EFB91F600D38AEC /* FootballDt.app */;
			productType = "com.apple.product-type.application";
		};
/* End PBXNativeTarget section */

/* Begin PBXProject section */
		FAEFAC752EFB91F600D38AEC /* Project object */ = {
			isa = PBXProject;
			attributes = {
				BuildIndependentTargetsInParallel = 1;
				LastSwiftUpdateCheck = 1600;
				LastUpgradeCheck = 1600;
				TargetAttributes = {
					FAEFAC7C2EFB91F600D38AEC = {
						CreatedOnToolsVersion = 16.0;
					};
				};
			};
			buildConfigurationList = FAEFAC782EFB91F600D38AEC /* Build configuration list for PBXProject "FootballDt" */;
			developmentRegion = en;
			hasScannedForEncodings = 0;
			knownRegions = (
				en,
				Base,
			);
			mainGroup = FAEFAC742EFB91F600D38AEC;
			minimizedProjectReferenceProxies = 1;
			packageReferences = (
				FAEFAD1D2EFB929D00D38AEC /* XCRemoteSwiftPackageReference "SDWebImageSwiftUI" */,
				FAEFAD202EFB92AB00D38AEC /* XCRemoteSwiftPackageReference "SDWebImageSVGCoder" */,
				FAEFAD232EFB92C000D38AEC /* XCRemoteSwiftPackageReference "Kingfisher" */,
				FAEFAD262EFB930000D38AEC /* XCRemoteSwiftPackageReference "MyPackage" */,
			);
			preferredProjectObjectVersion = 77;
			productRefGroup = FAEFAC7E2EFB91F600D38AEC /* Products */;
			projectDirPath = "";
			projectRoot = "";
			targets = (
				FAEFAC7C2EFB91F600D38AEC /* FootballDt */,
			);
		};
/* End PBXProject section */

/* Begin PBXResourcesBuildPhase section */
		FAEFAC7B2EFB91F600D38AEC /* Resources */ = {
			isa = PBXResourcesBuildPhase;
			buildActionMask = 2147483647;
			files = (
			);
			runOnlyForDeploymentPostprocessing = 0;
		};
/* End PBXResourcesBuildPhase section */

/* Begin PBXSourcesBuildPhase section */
		FAEFAC792EFB91F600D38AEC /* Sources */ = {
			isa = PBXSourcesBuildPhase;
			buildActionMask = 2147483647;
			files = (
			);
			runOnlyForDeploymentPostprocessing = 0;
		};
/* End PBXSourcesBuildPhase section */

/* Begin XCBuildConfiguration section */
		FAEFAC8A2EFB91F800D38AEC /* Debug */ = {
			isa = XCBuildConfiguration;
			buildSettings = {
				ALWAYS_SEARCH_USER_PATHS = NO;
				ASSETCATALOG_COMPILER_GENERATE_SWIFT_ASSET_SYMBOL_EXTENSIONS = YES;
				CLANG_ANALYZER_NONNULL = YES;
				CLANG_ANALYZER_NUMBER_OBJECT_CONVERSION = YES_AGGRESSIVE;
				CLANG_CXX_LANGUAGE_STANDARD = "gnu++20";
				CLANG_ENABLE_MODULES = YES;
				CLANG_ENABLE_OBJC_ARC = YES;
				CLANG_ENABLE_OBJC_WEAK = YES;
				CLANG_WARN_BLOCK_CAPTURE_AUTORELEASING = YES;
				CLANG_WARN_BOOL_CONVERSION = YES;
				CLANG_WARN_COMMA = YES;
				CLANG_WARN_CONSTANT_CONVERSION = YES;
				CLANG_WARN_DEPRECATED_OBJC_IMPLEMENTATIONS = YES;
				CLANG_WARN_DIRECT_OBJC_ISA_USAGE = YES_ERROR;
				CLANG_WARN_DOCUMENTATION_COMMENTS = YES;
				CLANG_WARN_EMPTY_BODY = YES;
				CLANG_WARN_ENUM_CONVERSION = YES;
				CLANG_WARN_INFINITE_RECURSION = YES;
				CLANG_WARN_INT_CONVERSION = YES;
				CLANG_WARN_NON_LITERAL_NULL_CONVERSION = YES;
				CLANG_WARN_OBJC_IMPLICIT_RETAIN_SELF = YES;
				CLANG_WARN_OBJC_LITERAL_CONVERSION = YES;
				CLANG_WARN_OBJC_ROOT_CLASS = YES_ERROR;
				CLANG_WARN_QUOTED_INCLUDE_IN_FRAMEWORK_HEADER = YES;
				CLANG_WARN_RANGE_LOOP_ANALYSIS = YES;
				CLANG_WARN_STRICT_PROTOTYPES = YES;
				CLANG_WARN_SUSPICIOUS_MOVE = YES;
				CLANG_WARN_UNGUARDED_AVAILABILITY = YES_AGGRESSIVE;
				CLANG_WARN_UNREACHABLE_CODE = YES;
				CLANG_WARN__DUPLICATE_METHOD_MATCH = YES;
				COPY_PHASE_STRIP = NO;
				DEBUG_INFORMATION_FORMAT = dwarf;
				ENABLE_STRICT_OBJC_MSGSEND = YES;
				ENABLE_TESTABILITY = YES;
				ENABLE_USER_SCRIPT_SANDBOXING = YES;
				GCC_C_LANGUAGE_STANDARD = gnu17;
				GCC_DYNAMIC_NO_PIC = NO;
				GCC_NO_COMMON_BLOCKS = YES;
				GCC_OPTIMIZATION_LEVEL = 0;
				GCC_PREPROCESSOR_DEFINITIONS = (
					"DEBUG=1",
					"$(inherited)",
				);
				GCC_WARN_64_TO_32_BIT_CONVERSION = YES;
				GCC_WARN_ABOUT_RETURN_TYPE = YES_ERROR;
				GCC_WARN_UNDECLARED_SELECTOR = YES;
				GCC_WARN_UNINITIALIZED_AUTOS = YES_AGGRESSIVE;
				GCC_WARN_UNUSED_FUNCTION = YES;
				GCC_WARN_UNUSED_VARIABLE = YES;
				LOCALIZATION_PREFERS_STRING_CATALOGS = YES;
				MTL_ENABLE_DEBUG_INFO = INCLUDE_SOURCE;
				MTL_FAST_MATH = YES;
				ONLY_ACTIVE_ARCH = YES;
				SWIFT_ACTIVE_COMPILATION_CONDITIONS = "DEBUG $(inherited)";
				SWIFT_OPTIMIZATION_LEVEL = "-Onone";
			};
			name = Debug;
		};
		FAEFAC8B2EFB91F800D38AEC /* Release */ = {
			isa = XCBuildConfiguration;
			buildSettings = {
				ALWAYS_SEARCH_USER_PATHS = NO;
				ASSETCATALOG_COMPILER_GENERATE_SWIFT_ASSET_SYMBOL_EXTENSIONS = YES;
				CLANG_ANALYZER_NONNULL = YES;
				CLANG_ANALYZER_NUMBER_OBJECT_CONVERSION = YES_AGGRESSIVE;
				CLANG_CXX_LANGUAGE_STANDARD = "gnu++20";
				CLANG_ENABLE_MODULES = YES;
				CLANG_ENABLE_OBJC_ARC = YES;
				CLANG_ENABLE_OBJC_WEAK = YES;
				CLANG_WARN_BLOCK_CAPTURE_AUTORELEASING = YES;
				CLANG_WARN_BOOL_CONVERSION = YES;
				CLANG_WARN_COMMA = YES;
				CLANG_WARN_CONSTANT_CONVERSION = YES;
				CLANG_WARN_DEPRECATED_OBJC_IMPLEMENTATIONS = YES;
				CLANG_WARN_DIRECT_OBJC_ISA_USAGE = YES_ERROR;
				CLANG_WARN_DOCUMENTATION_COMMENTS = YES;
				CLANG_WARN_EMPTY_BODY = YES;
				CLANG_WARN_ENUM_CONVERSION = YES;
				CLANG_WARN_INFINITE_RECURSION = YES;
				CLANG_WARN_INT_CONVERSION = YES;
				CLANG_WARN_NON_LITERAL_NULL_CONVERSION = YES;
				CLANG_WARN_OBJC_IMPLICIT_RETAIN_SELF = YES;
				CLANG_WARN_OBJC_LITERAL_CONVERSION = YES;
				CLANG_WARN_OBJC_ROOT_CLASS = YES_ERROR;
				CLANG_WARN_QUOTED_INCLUDE_IN_FRAMEWORK_HEADER = YES;
				CLANG_WARN_RANGE_LOOP_ANALYSIS = YES;
				CLANG_WARN_STRICT_PROTOTYPES = YES;
				CLANG_WARN_SUSPICIOUS_MOVE = YES;
				CLANG_WARN_UNGUARDED_AVAILABILITY = YES_AGGRESSIVE;
				CLANG_WARN_UNREACHABLE_CODE = YES;
				CLANG_WARN__DUPLICATE_METHOD_MATCH = YES;
				COPY_PHASE_STRIP = NO;
				DEBUG_INFORMATION_FORMAT = "dwarf-with-dsym";
				ENABLE_NS_ASSERTIONS = NO;
				ENABLE_STRICT_OBJC_MSGSEND = YES;
				ENABLE_USER_SCRIPT_SANDBOXING = YES;
				GCC_C_LANGUAGE_STANDARD = gnu17;
				GCC_NO_COMMON_BLOCKS = YES;
				GCC_WARN_64_TO_32_BIT_CONVERSION = YES;
				GCC_WARN_ABOUT_RETURN_TYPE = YES_ERROR;
				GCC_WARN_UNDECLARED_SELECTOR = YES;
				GCC_WARN_UNINITIALIZED_AUTOS = YES_AGGRESSIVE;
				GCC_WARN_UNUSED_FUNCTION = YES;
				GCC_WARN_UNUSED_VARIABLE = YES;
				LOCALIZATION_PREFERS_STRING_CATALOGS = YES;
				MTL_ENABLE_DEBUG_INFO = NO;
				MTL_FAST_MATH = YES;
				SWIFT_COMPILATION_MODE = wholemodule;
			};
			name = Release;
		};
		FAEFAC8D2EFB91F800D38AEC /* Debug */ = {
			isa = XCBuildConfiguration;
			buildSettings = {
				ASSETCATALOG_COMPILER_APPICON_NAME = AppIcon;
				ASSETCATALOG_COMPILER_GLOBAL_ACCENT_COLOR_NAME = AccentColor;
				CODE_SIGN_ENTITLEMENTS = FootballDt/FootballDt.entitlements;
				CODE_SIGN_STYLE = Automatic;
				CURRENT_PROJECT_VERSION = 1;
				DEVELOPMENT_ASSET_PATHS = "\"FootballDt/Preview Content\"";
				DEVELOPMENT_TEAM = 5VU3Y5998Z;
				ENABLE_HARDENED_RUNTIME = YES;
				ENABLE_PREVIEWS = YES;
				GENERATE_INFOPLIST_FILE = YES;
				INFOPLIST_FILE = FootballDt/Info.plist;
				"INFOPLIST_KEY_UIApplicationSceneManifest_Generation[sdk=iphoneos*]" = YES;
				"INFOPLIST_KEY_UIApplicationSceneManifest_Generation[sdk=iphonesimulator*]" = YES;
				"INFOPLIST_KEY_UIApplicationSupportsIndirectInputEvents[sdk=iphoneos*]" = YES;
				"INFOPLIST_KEY_UIApplicationSupportsIndirectInputEvents[sdk=iphonesimulator*]" = YES;
				"INFOPLIST_KEY_UILaunchScreen_Generation[sdk=iphoneos*]" = YES;
				"INFOPLIST_KEY_UILaunchScreen_Generation[sdk=iphonesimulator*]" = YES;
				"INFOPLIST_KEY_UIStatusBarStyle[sdk=iphoneos*]" = UIStatusBarStyleDefault;
				"INFOPLIST_KEY_UIStatusBarStyle[sdk=iphonesimulator*]" = UIStatusBarStyleDefault;
				INFOPLIST_KEY_UISupportedInterfaceOrientations_iPad = "UIInterfaceOrientationPortrait UIInterfaceOrientationPortraitUpsideDown UIInterfaceOrientationLandscapeLeft UIInterfaceOrientationLandscapeRight";
				INFOPLIST_KEY_UISupportedInterfaceOrientations_iPhone = "UIInterfaceOrientationPortrait UIInterfaceOrientationLandscapeLeft UIInterfaceOrientationLandscapeRight";
				IPHONEOS_DEPLOYMENT_TARGET = 17.0;
				LD_RUNPATH_SEARCH_PATHS = "@executable_path/Frameworks";
				"LD_RUNPATH_SEARCH_PATHS[sdk=macosx*]" = "@executable_path/../Frameworks";
				MACOSX_DEPLOYMENT_TARGET = 14.7;
				MARKETING_VERSION = 1.0;
				PRODUCT_BUNDLE_IDENTIFIER = com.CuongDD.FootballDt;
				PRODUCT_NAME = "$(TARGET_NAME)";
				SDKROOT = auto;
				SUPPORTED_PLATFORMS = "iphoneos iphonesimulator";
				SUPPORTS_MACCATALYST = NO;
				SWIFT_EMIT_LOC_STRINGS = YES;
				SWIFT_VERSION = 5.0;
				TARGETED_DEVICE_FAMILY = "1,2";
				XROS_DEPLOYMENT_TARGET = 2.0;
			};
			name = Debug;
		};
		FAEFAC8E2EFB91F800D38AEC /* Release */ = {
			isa = XCBuildConfiguration;
			buildSettings = {
				ASSETCATALOG_COMPILER_APPICON_NAME = AppIcon;
				ASSETCATALOG_COMPILER_GLOBAL_ACCENT_COLOR_NAME = AccentColor;
				CODE_SIGN_ENTITLEMENTS = FootballDt/FootballDt.entitlements;
				CODE_SIGN_STYLE = Automatic;
				CURRENT_PROJECT_VERSION = 1;
				DEVELOPMENT_ASSET_PATHS = "\"FootballDt/Preview Content\"";
				DEVELOPMENT_TEAM = 5VU3Y5998Z;
				ENABLE_HARDENED_RUNTIME = YES;
				ENABLE_PREVIEWS = YES;
				GENERATE_INFOPLIST_FILE = YES;
				INFOPLIST_FILE = FootballDt/Info.plist;
				"INFOPLIST_KEY_UIApplicationSceneManifest_Generation[sdk=iphoneos*]" = YES;
				"INFOPLIST_KEY_UIApplicationSceneManifest_Generation[sdk=iphonesimulator*]" = YES;
				"INFOPLIST_KEY_UIApplicationSupportsIndirectInputEvents[sdk=iphoneos*]" = YES;
				"INFOPLIST_KEY_UIApplicationSupportsIndirectInputEvents[sdk=iphonesimulator*]" = YES;
				"INFOPLIST_KEY_UILaunchScreen_Generation[sdk=iphoneos*]" = YES;
				"INFOPLIST_KEY_UILaunchScreen_Generation[sdk=iphonesimulator*]" = YES;
				"INFOPLIST_KEY_UIStatusBarStyle[sdk=iphoneos*]" = UIStatusBarStyleDefault;
				"INFOPLIST_KEY_UIStatusBarStyle[sdk=iphonesimulator*]" = UIStatusBarStyleDefault;
				INFOPLIST_KEY_UISupportedInterfaceOrientations_iPad = "UIInterfaceOrientationPortrait UIInterfaceOrientationPortraitUpsideDown UIInterfaceOrientationLandscapeLeft UIInterfaceOrientationLandscapeRight";
				INFOPLIST_KEY_UISupportedInterfaceOrientations_iPhone = "UIInterfaceOrientationPortrait UIInterfaceOrientationLandscapeLeft UIInterfaceOrientationLandscapeRight";
				IPHONEOS_DEPLOYMENT_TARGET = 17.0;
				LD_RUNPATH_SEARCH_PATHS = "@executable_path/Frameworks";
				"LD_RUNPATH_SEARCH_PATHS[sdk=macosx*]" = "@executable_path/../Frameworks";
				MACOSX_DEPLOYMENT_TARGET = 14.7;
				MARKETING_VERSION = 1.0;
				PRODUCT_BUNDLE_IDENTIFIER = com.CuongDD.FootballDt;
				PRODUCT_NAME = "$(TARGET_NAME)";
				SDKROOT = auto;
				SUPPORTED_PLATFORMS = "iphoneos iphonesimulator";
				SUPPORTS_MACCATALYST = NO;
				SWIFT_EMIT_LOC_STRINGS = YES;
				SWIFT_VERSION = 5.0;
				TARGETED_DEVICE_FAMILY = "1,2";
				XROS_DEPLOYMENT_TARGET = 2.0;
			};
			name = Release;
		};
/* End XCBuildConfiguration section */

/* Begin XCConfigurationList section */
		FAEFAC782EFB91F600D38AEC /* Build configuration list for PBXProject "FootballDt" */ = {
			isa = XCConfigurationList;
			buildConfigurations = (
				FAEFAC8A2EFB91F800D38AEC /* Debug */,
				FAEFAC8B2EFB91F800D38AEC /* Release */,
			);
			defaultConfigurationIsVisible = 0;
			defaultConfigurationName = Release;
		};
		FAEFAC8C2EFB91F800D38AEC /* Build configuration list for PBXNativeTarget "FootballDt" */ = {
			isa = XCConfigurationList;
			buildConfigurations = (
				FAEFAC8D2EFB91F800D38AEC /* Debug */,
				FAEFAC8E2EFB91F800D38AEC /* Release */,
			);
			defaultConfigurationIsVisible = 0;
			defaultConfigurationName = Release;
		};
/* End XCConfigurationList section */

/* Begin XCRemoteSwiftPackageReference section */
		FAEFAD1D2EFB929D00D38AEC /* XCRemoteSwiftPackageReference "SDWebImageSwiftUI" */ = {
			isa = XCRemoteSwiftPackageReference;
			repositoryURL = "https://github.com/SDWebImage/SDWebImageSwiftUI";
			requirement = {
				kind = upToNextMajorVersion;
				minimumVersion = 3.1.4;
			};
		};
		FAEFAD202EFB92AB00D38AEC /* XCRemoteSwiftPackageReference "SDWebImageSVGCoder" */ = {
			isa = XCRemoteSwiftPackageReference;
			repositoryURL = "https://github.com/SDWebImage/SDWebImageSVGCoder.git";
			requirement = {
				kind = upToNextMajorVersion;
				minimumVersion = 1.8.0;
			};
		};
		FAEFAD232EFB92C000D38AEC /* XCRemoteSwiftPackageReference "Kingfisher" */ = {
			isa = XCRemoteSwiftPackageReference;
			repositoryURL = "https://github.com/onevcat/Kingfisher.git";
			requirement = {
				kind = upToNextMajorVersion;
				minimumVersion = 8.6.2;
			};
		};
		FAEFAD262EFB930000D38AEC /* XCRemoteSwiftPackageReference "MyPackage" */ = {
			isa = XCRemoteSwiftPackageReference;
			repositoryURL = "https://github.com/duongcuong4395/MyPackage.git";
			requirement = {
				branch = main;
				kind = branch;
			};
		};
/* End XCRemoteSwiftPackageReference section */

/* Begin XCSwiftPackageProductDependency section */
		FAC8C2742F0E0EA800AC5F7D /* StateManagementKit */ = {
			isa = XCSwiftPackageProductDependency;
			package = FAEFAD262EFB930000D38AEC /* XCRemoteSwiftPackageReference "MyPackage" */;
			productName = StateManagementKit;
		};
		FAEFAD1E2EFB929D00D38AEC /* SDWebImageSwiftUI */ = {
			isa = XCSwiftPackageProductDependency;
			package = FAEFAD1D2EFB929D00D38AEC /* XCRemoteSwiftPackageReference "SDWebImageSwiftUI" */;
			productName = SDWebImageSwiftUI;
		};
		FAEFAD212EFB92AB00D38AEC /* SDWebImageSVGCoder */ = {
			isa = XCSwiftPackageProductDependency;
			package = FAEFAD202EFB92AB00D38AEC /* XCRemoteSwiftPackageReference "SDWebImageSVGCoder" */;
			productName = SDWebImageSVGCoder;
		};
		FAEFAD242EFB92C000D38AEC /* Kingfisher */ = {
			isa = XCSwiftPackageProductDependency;
			package = FAEFAD232EFB92C000D38AEC /* XCRemoteSwiftPackageReference "Kingfisher" */;
			productName = Kingfisher;
		};
		FAEFAD272EFB930000D38AEC /* CoreDataKit */ = {
			isa = XCSwiftPackageProductDependency;
			package = FAEFAD262EFB930000D38AEC /* XCRemoteSwiftPackageReference "MyPackage" */;
			productName = CoreDataKit;
		};
		FAEFAD292EFB930000D38AEC /* GlassEffect */ = {
			isa = XCSwiftPackageProductDependency;
			package = FAEFAD262EFB930000D38AEC /* XCRemoteSwiftPackageReference "MyPackage" */;
			productName = GlassEffect;
		};
		FAEFAD2B2EFB930000D38AEC /* MarkdownTypingKit */ = {
			isa = XCSwiftPackageProductDependency;
			package = FAEFAD262EFB930000D38AEC /* XCRemoteSwiftPackageReference "MyPackage" */;
			productName = MarkdownTypingKit;
		};
		FAEFAD2D2EFB930000D38AEC /* NavigationRouter */ = {
			isa = XCSwiftPackageProductDependency;
			package = FAEFAD262EFB930000D38AEC /* XCRemoteSwiftPackageReference "MyPackage" */;
			productName = NavigationRouter;
		};
		FAEFAD2F2EFB930000D38AEC /* Networking */ = {
			isa = XCSwiftPackageProductDependency;
			package = FAEFAD262EFB930000D38AEC /* XCRemoteSwiftPackageReference "MyPackage" */;
			productName = Networking;
		};
/* End XCSwiftPackageProductDependency section */
	};
	rootObject = FAEFAC752EFB91F600D38AEC /* Project object */;
}
